
Microsoft Visual Studio Solution File, Format Version 12.00
# Visual Studio Version 17
VisualStudioVersion = 17.0.31903.59
MinimumVisualStudioVersion = 10.0.40219.1
Project("{FAE04EC0-301F-11D3-BF4B-00C04F79EFBC}") = "API", "API\API.csproj", "{7B19BB4A-5550-4B68-91BC-8DC26B305698}"
EndProject
Project("{FAE04EC0-301F-11D3-BF4B-00C04F79EFBC}") = "Core", "Core\Core.csproj", "{58825B42-CC8C-4814-B5B1-1E8351F37DE5}"
EndProject
Project("{FAE04EC0-301F-11D3-BF4B-00C04F79EFBC}") = "Infrastructure", "Infrastructure\Infrastructure.csproj", "{FE862A2B-7AD4-4A0E-9F54-9A1922717A27}"
EndProject
Global
	GlobalSection(SolutionProperties) = preSolution
		HideSolutionNode = FALSE
	EndGlobalSection
	GlobalSection(SolutionConfigurationPlatforms) = preSolution
		Debug|Any CPU = Debug|Any CPU
		Debug|x64 = Debug|x64
		Debug|x86 = Debug|x86
		Release|Any CPU = Release|Any CPU
		Release|x64 = Release|x64
		Release|x86 = Release|x86
	EndGlobalSection
	GlobalSection(ProjectConfigurationPlatforms) = postSolution
		{7B19BB4A-5550-4B68-91BC-8DC26B305698}.Debug|Any CPU.ActiveCfg = Debug|Any CPU
		{7B19BB4A-5550-4B68-91BC-8DC26B305698}.Debug|Any CPU.Build.0 = Debug|Any CPU
		{7B19BB4A-5550-4B68-91BC-8DC26B305698}.Debug|x64.ActiveCfg = Debug|Any CPU
		{7B19BB4A-5550-4B68-91BC-8DC26B305698}.Debug|x64.Build.0 = Debug|Any CPU
		{7B19BB4A-5550-4B68-91BC-8DC26B305698}.Debug|x86.ActiveCfg = Debug|Any CPU
		{7B19BB4A-5550-4B68-91BC-8DC26B305698}.Debug|x86.Build.0 = Debug|Any CPU
		{7B19BB4A-5550-4B68-91BC-8DC26B305698}.Release|Any CPU.ActiveCfg = Release|Any CPU
		{7B19BB4A-5550-4B68-91BC-8DC26B305698}.Release|Any CPU.Build.0 = Release|Any CPU
		{7B19BB4A-5550-4B68-91BC-8DC26B305698}.Release|x64.ActiveCfg = Release|Any CPU
		{7B19BB4A-5550-4B68-91BC-8DC26B305698}.Release|x64.Build.0 = Release|Any CPU
		{7B19BB4A-5550-4B68-91BC-8DC26B305698}.Release|x86.ActiveCfg = Release|Any CPU
		{7B19BB4A-5550-4B68-91BC-8DC26B305698}.Release|x86.Build.0 = Release|Any CPU
		{58825B42-CC8C-4814-B5B1-1E8351F37DE5}.Debug|Any CPU.ActiveCfg = Debug|Any CPU
		{58825B42-CC8C-4814-B5B1-1E8351F37DE5}.Debug|Any CPU.Build.0 = Debug|Any CPU
		{58825B42-CC8C-4814-B5B1-1E8351F37DE5}.Debug|x64.ActiveCfg = Debug|Any CPU
		{58825B42-CC8C-4814-B5B1-1E8351F37DE5}.Debug|x64.Build.0 = Debug|Any CPU
		{58825B42-CC8C-4814-B5B1-1E8351F37DE5}.Debug|x86.ActiveCfg = Debug|Any CPU
		{58825B42-CC8C-4814-B5B1-1E8351F37DE5}.Debug|x86.Build.0 = Debug|Any CPU
		{58825B42-CC8C-4814-B5B1-1E8351F37DE5}.Release|Any CPU.ActiveCfg = Release|Any CPU
		{58825B42-CC8C-4814-B5B1-1E8351F37DE5}.Release|Any CPU.Build.0 = Release|Any CPU
		{58825B42-CC8C-4814-B5B1-1E8351F37DE5}.Release|x64.ActiveCfg = Release|Any CPU
		{58825B42-CC8C-4814-B5B1-1E8351F37DE5}.Release|x64.Build.0 = Release|Any CPU
		{58825B42-CC8C-4814-B5B1-1E8351F37DE5}.Release|x86.ActiveCfg = Release|Any CPU
		{58825B42-CC8C-4814-B5B1-1E8351F37DE5}.Release|x86.Build.0 = Release|Any CPU
		{FE862A2B-7AD4-4A0E-9F54-9A1922717A27}.Debug|Any CPU.ActiveCfg = Debug|Any CPU
		{FE862A2B-7AD4-4A0E-9F54-9A1922717A27}.Debug|Any CPU.Build.0 = Debug|Any CPU
		{FE862A2B-7AD4-4A0E-9F54-9A1922717A27}.Debug|x64.ActiveCfg = Debug|Any CPU
		{FE862A2B-7AD4-4A0E-9F54-9A1922717A27}.Debug|x64.Build.0 = Debug|Any CPU
		{FE862A2B-7AD4-4A0E-9F54-9A1922717A27}.Debug|x86.ActiveCfg = Debug|Any CPU
		{FE862A2B-7AD4-4A0E-9F54-9A1922717A27}.Debug|x86.Build.0 = Debug|Any CPU
		{FE862A2B-7AD4-4A0E-9F54-9A1922717A27}.Release|Any CPU.ActiveCfg = Release|Any CPU
		{FE862A2B-7AD4-4A0E-9F54-9A1922717A27}.Release|Any CPU.Build.0 = Release|Any CPU
		{FE862A2B-7AD4-4A0E-9F54-9A1922717A27}.Release|x64.ActiveCfg = Release|Any CPU
		{FE862A2B-7AD4-4A0E-9F54-9A1922717A27}.Release|x64.Build.0 = Release|Any CPU
		{FE862A2B-7AD4-4A0E-9F54-9A1922717A27}.Release|x86.ActiveCfg = Release|Any CPU
		{FE862A2B-7AD4-4A0E-9F54-9A1922717A27}.Release|x86.Build.0 = Release|Any CPU
	EndGlobalSection
EndGlobal
